
Microsoft Visual Studio Solution File, Format Version 11.00
# Visual Studio 2010
Project("{FAE04EC0-301F-11D3-BF4B-00C04F79EFBC}") = "ARUI", "Assembly-CSharp.csproj", "{44B0FEE2-9EF8-CE4B-9263-FB0CDF69B87E}"
EndProject
Global
	GlobalSection(SolutionConfigurationPlatforms) = preSolution
		Debug|Any CPU = Debug|Any CPU
		Release|Any CPU = Release|Any CPU
	EndGlobalSection
	GlobalSection(ProjectConfigurationPlatforms) = postSolution
		{44B0FEE2-9EF8-CE4B-9263-FB0CDF69B87E}.Debug|Any CPU.ActiveCfg = Debug|Any CPU
		{44B0FEE2-9EF8-CE4B-9263-FB0CDF69B87E}.Debug|Any CPU.Build.0 = Debug|Any CPU
		{44B0FEE2-9EF8-CE4B-9263-FB0CDF69B87E}.Release|Any CPU.ActiveCfg = Release|Any CPU
		{44B0FEE2-9EF8-CE4B-9263-FB0CDF69B87E}.Release|Any CPU.Build.0 = Release|Any CPU
	EndGlobalSection
	GlobalSection(SolutionProperties) = preSolution
		HideSolutionNode = FALSE
	EndGlobalSection
	GlobalSection(MonoDevelopProperties) = preSolution
		StartupItem = Assembly-CSharp.csproj
	EndGlobalSection
EndGlobal
